{
  "lockfileVersion": 1,
  "workspaces": {
    "": {
      "name": "seamless-rpc",
      "devDependencies": {
        "@types/bun": "latest",
        "typescript": "^5.0.0",
      },
    },
    "apps/sample-app": {
      "name": "sample-app",
      "version": "1.0.0",
      "dependencies": {
        "@seamless-rpc/core": "workspace:*",
        "react": "^18.2.0",
        "react-dom": "^18.2.0",
      },
      "devDependencies": {
        "@seamless-rpc/compiler": "workspace:*",
        "@seamless-rpc/dev-tools": "workspace:*",
        "@types/react": "^18.2.0",
        "@types/react-dom": "^18.2.0",
        "typescript": "^5.0.0",
      },
    },
    "packages/rpc-compiler": {
      "name": "@seamless-rpc/compiler",
      "version": "1.0.0",
      "dependencies": {
        "typescript": "^5.0.0",
      },
      "devDependencies": {
        "@types/bun": "latest",
      },
      "peerDependencies": {
        "bun": "*",
      },
    },
    "packages/rpc-core": {
      "name": "@seamless-rpc/core",
      "version": "1.0.0",
      "devDependencies": {
        "@types/bun": "latest",
        "typescript": "^5.0.0",
      },
    },
    "packages/rpc-dev-tools": {
      "name": "@seamless-rpc/dev-tools",
      "version": "1.0.0",
      "dependencies": {
        "@seamless-rpc/core": "workspace:*",
      },
      "devDependencies": {
        "@types/bun": "latest",
        "typescript": "^5.0.0",
      },
    },
  },
  "packages": {
    "@oven/bun-darwin-aarch64": ["@oven/bun-darwin-aarch64@1.2.15", "", { "os": "darwin", "cpu": "arm64" }, "sha512-DE2iO1xF6dTKBqHbRD/g9FxzuhbtVHnbSMV6KvvikYBRvteNJqV7I/FzoDXgbR3rRne3DF+gnCQO8T17tIfErw=="],

    "@oven/bun-darwin-x64": ["@oven/bun-darwin-x64@1.2.15", "", { "os": "darwin", "cpu": "x64" }, "sha512-yRjJ0ELTlpSYCRi9buJDUAZ5TAv8GKT/lJ0Bemmed8RNEtETfLMNUmjQqts2aXRX1M7VIBvUiiHrSFHvhrfZ8A=="],

    "@oven/bun-darwin-x64-baseline": ["@oven/bun-darwin-x64-baseline@1.2.15", "", { "os": "darwin", "cpu": "x64" }, "sha512-is6NrxFkT2WGffPyw0wQQeJ8Jztm115Y/hKsVtXySkF+GqUYEWqK2pzpsEDxhhOELBmxK9uUOkiOvPBZL4A2uQ=="],

    "@oven/bun-linux-aarch64": ["@oven/bun-linux-aarch64@1.2.15", "", { "os": "linux", "cpu": "arm64" }, "sha512-L+TitZk5s60ipBGuPvNJ+oM7d6JC7gejGCmEZcUvdKf3dXG1k0E/Yr1Ox4j75U7VRV7tIRBnkis6BBBCMzdLmA=="],

    "@oven/bun-linux-aarch64-musl": ["@oven/bun-linux-aarch64-musl@1.2.15", "", { "os": "linux", "cpu": "none" }, "sha512-CryplmxMcePF25vYq5C32jAO0qK4hLcGCXRUArPvrfFldixzppCQpKIBp4FvV2wA3fF66enckV0EPvGWofQA5g=="],

    "@oven/bun-linux-x64": ["@oven/bun-linux-x64@1.2.15", "", { "os": "linux", "cpu": "x64" }, "sha512-U5gwBEVH/f+MvjZZyqwY/gIdbAjho9s1g3w7PQoB0cwaGrpY0zEkwHkYvqVriU0FPxN6VjZycBpePd3X6LrX0Q=="],

    "@oven/bun-linux-x64-baseline": ["@oven/bun-linux-x64-baseline@1.2.15", "", { "os": "linux", "cpu": "x64" }, "sha512-RRGDCE3WcFrJUCwe1rPbaNANWR65BgaA2i79R1FFPaPw8mWoUhuYBcokRpeP4usevNtv/vWOfh3p05X3OczOpQ=="],

    "@oven/bun-linux-x64-musl": ["@oven/bun-linux-x64-musl@1.2.15", "", { "os": "linux", "cpu": "x64" }, "sha512-M/fJA7jj+D3FA5PnpXwv43lGjY34xTQaaAV7RvAS7AW20eyGLyqVk3pW8peHG3IBQdWhblYzVNHn872lu3wn5A=="],

    "@oven/bun-linux-x64-musl-baseline": ["@oven/bun-linux-x64-musl-baseline@1.2.15", "", { "os": "linux", "cpu": "x64" }, "sha512-Z53su6s5d5l75dnkiytBwJxWCTB5/LpXH3GWGtrCn8hR5QzstNzdt1b7J//WGGaVmRdcdr5RKk+hw9NRVrCjeA=="],

    "@oven/bun-windows-x64": ["@oven/bun-windows-x64@1.2.15", "", { "os": "win32", "cpu": "x64" }, "sha512-Ya4pTRtbuuoXHNKRCONuIqHk9fMME7LUWDNbig/jV08IF3fn3epMOqg716Ik2DTiYOX5Q+9O82+mz8hEFE9StA=="],

    "@oven/bun-windows-x64-baseline": ["@oven/bun-windows-x64-baseline@1.2.15", "", { "os": "win32", "cpu": "x64" }, "sha512-4Bgf6Xh+bh0n1YYJLRZdZuQXBLGDJDFASpyP3nP72D5/gm71kmlujuM6gPPmbyjxu7FOmP2x5gGEfQ6ydk68CA=="],

    "@seamless-rpc/compiler": ["@seamless-rpc/compiler@workspace:packages/rpc-compiler"],

    "@seamless-rpc/core": ["@seamless-rpc/core@workspace:packages/rpc-core"],

    "@seamless-rpc/dev-tools": ["@seamless-rpc/dev-tools@workspace:packages/rpc-dev-tools"],

    "@types/bun": ["@types/bun@1.2.15", "", { "dependencies": { "bun-types": "1.2.15" } }, "sha512-U1ljPdBEphF0nw1MIk0hI7kPg7dFdPyM7EenHsp6W5loNHl7zqy6JQf/RKCgnUn2KDzUpkBwHPnEJEjII594bA=="],

    "@types/node": ["@types/node@22.15.30", "", { "dependencies": { "undici-types": "~6.21.0" } }, "sha512-6Q7lr06bEHdlfplU6YRbgG1SFBdlsfNC4/lX+SkhiTs0cpJkOElmWls8PxDFv4yY/xKb8Y6SO0OmSX4wgqTZbA=="],

    "@types/prop-types": ["@types/prop-types@15.7.14", "", {}, "sha512-gNMvNH49DJ7OJYv+KAKn0Xp45p8PLl6zo2YnvDIbTd4J6MER2BmWN49TG7n9LvkyihINxeKW8+3bfS2yDC9dzQ=="],

    "@types/react": ["@types/react@18.3.23", "", { "dependencies": { "@types/prop-types": "*", "csstype": "^3.0.2" } }, "sha512-/LDXMQh55EzZQ0uVAZmKKhfENivEvWz6E+EYzh+/MCjMhNsotd+ZHhBGIjFDTi6+fz0OhQQQLbTgdQIxxCsC0w=="],

    "@types/react-dom": ["@types/react-dom@18.3.7", "", { "peerDependencies": { "@types/react": "^18.0.0" } }, "sha512-MEe3UeoENYVFXzoXEWsvcpg6ZvlrFNlOQ7EOsvhI3CfAXwzPfO8Qwuxd40nepsYKqyyVQnTdEfv68q91yLcKrQ=="],

    "bun": ["bun@1.2.15", "", { "optionalDependencies": { "@oven/bun-darwin-aarch64": "1.2.15", "@oven/bun-darwin-x64": "1.2.15", "@oven/bun-darwin-x64-baseline": "1.2.15", "@oven/bun-linux-aarch64": "1.2.15", "@oven/bun-linux-aarch64-musl": "1.2.15", "@oven/bun-linux-x64": "1.2.15", "@oven/bun-linux-x64-baseline": "1.2.15", "@oven/bun-linux-x64-musl": "1.2.15", "@oven/bun-linux-x64-musl-baseline": "1.2.15", "@oven/bun-windows-x64": "1.2.15", "@oven/bun-windows-x64-baseline": "1.2.15" }, "os": [ "linux", "win32", "darwin", ], "cpu": [ "x64", "arm64", ], "bin": { "bun": "bin/bun.exe", "bunx": "bin/bun.exe" } }, "sha512-9Nryct8QYQRE/W3/FjW2i4eLdVKme7JPY8R9DNLSGjKdSX8uMgZ2mogs+H5d88Ng0bYeSLpUkBhRelbNi8MwYA=="],

    "bun-types": ["bun-types@1.2.15", "", { "dependencies": { "@types/node": "*" } }, "sha512-NarRIaS+iOaQU1JPfyKhZm4AsUOrwUOqRNHY0XxI8GI8jYxiLXLcdjYMG9UKS+fwWasc1uw1htV9AX24dD+p4w=="],

    "csstype": ["csstype@3.1.3", "", {}, "sha512-M1uQkMl8rQK/szD0LNhtqxIPLpimGm8sOBwU7lLnCpSbTyY3yeU1Vc7l4KT5zT4s/yOxHH5O7tIuuLOCnLADRw=="],

    "js-tokens": ["js-tokens@4.0.0", "", {}, "sha512-RdJUflcE3cUzKiMqQgsCu06FPu9UdIJO0beYbPhHN4k6apgJtifcoCtT9bcxOpYBtpD2kCM6Sbzg4CausW/PKQ=="],

    "loose-envify": ["loose-envify@1.4.0", "", { "dependencies": { "js-tokens": "^3.0.0 || ^4.0.0" }, "bin": { "loose-envify": "cli.js" } }, "sha512-lyuxPGr/Wfhrlem2CL/UcnUc1zcqKAImBDzukY7Y5F/yQiNdko6+fRLevlw1HgMySw7f611UIY408EtxRSoK3Q=="],

    "react": ["react@18.3.1", "", { "dependencies": { "loose-envify": "^1.1.0" } }, "sha512-wS+hAgJShR0KhEvPJArfuPVN1+Hz1t0Y6n5jLrGQbkb4urgPE/0Rve+1kMB1v/oWgHgm4WIcV+i7F2pTVj+2iQ=="],

    "react-dom": ["react-dom@18.3.1", "", { "dependencies": { "loose-envify": "^1.1.0", "scheduler": "^0.23.2" }, "peerDependencies": { "react": "^18.3.1" } }, "sha512-5m4nQKp+rZRb09LNH59GM4BxTh9251/ylbKIbpe7TpGxfJ+9kv6BLkLBXIjjspbgbnIBNqlI23tRnTWT0snUIw=="],

    "sample-app": ["sample-app@workspace:apps/sample-app"],

    "scheduler": ["scheduler@0.23.2", "", { "dependencies": { "loose-envify": "^1.1.0" } }, "sha512-UOShsPwz7NrMUqhR6t0hWjFduvOzbtv7toDH1/hIrfRNIDBnnBWd0CwJTGvTpngVlmwGCdP9/Zl/tVrDqcuYzQ=="],

    "typescript": ["typescript@5.8.3", "", { "bin": { "tsc": "bin/tsc", "tsserver": "bin/tsserver" } }, "sha512-p1diW6TqL9L07nNxvRMM7hMMw4c5XOo/1ibL4aAIGmSAt9slTE1Xgw5KWuof2uTOvCg9BY7ZRi+GaF+7sfgPeQ=="],

    "undici-types": ["undici-types@6.21.0", "", {}, "sha512-iwDZqg0QAGrg9Rav5H4n0M64c3mkR59cJ6wQp+7C4nI0gsmExaedaYLNO44eT4AtBBwjbTiGPMlt2Md0T9H9JQ=="],
  }
}
